
Microsoft Visual Studio Solution File, Format Version 12.00
# Visual Studio Version 16
VisualStudioVersion = 16.0.29806.167
MinimumVisualStudioVersion = 10.0.40219.1
Project("{9A19103F-16F7-4668-BE54-9A1E7A4F7556}") = "IndetityServer", "IndetityServer\IndetityServer.csproj", "{685356DE-EF49-4F95-B7C5-E010B38FECA5}"
EndProject
Project("{9A19103F-16F7-4668-BE54-9A1E7A4F7556}") = "SpendingDiary", "SpendingDiary\SpendingDiary.csproj", "{FF48707E-D616-44D7-8A81-619A6456D795}"
EndProject
Project("{9A19103F-16F7-4668-BE54-9A1E7A4F7556}") = "TestClient", "TestClient\TestClient.csproj", "{246A7BC4-0E69-4CF0-99B8-DCE4904D23D2}"
EndProject
Global
	GlobalSection(SolutionConfigurationPlatforms) = preSolution
		Debug|Any CPU = Debug|Any CPU
		Release|Any CPU = Release|Any CPU
	EndGlobalSection
	GlobalSection(ProjectConfigurationPlatforms) = postSolution
		{685356DE-EF49-4F95-B7C5-E010B38FECA5}.Debug|Any CPU.ActiveCfg = Debug|Any CPU
		{685356DE-EF49-4F95-B7C5-E010B38FECA5}.Debug|Any CPU.Build.0 = Debug|Any CPU
		{685356DE-EF49-4F95-B7C5-E010B38FECA5}.Release|Any CPU.ActiveCfg = Release|Any CPU
		{685356DE-EF49-4F95-B7C5-E010B38FECA5}.Release|Any CPU.Build.0 = Release|Any CPU
		{FF48707E-D616-44D7-8A81-619A6456D795}.Debug|Any CPU.ActiveCfg = Debug|Any CPU
		{FF48707E-D616-44D7-8A81-619A6456D795}.Debug|Any CPU.Build.0 = Debug|Any CPU
		{FF48707E-D616-44D7-8A81-619A6456D795}.Release|Any CPU.ActiveCfg = Release|Any CPU
		{FF48707E-D616-44D7-8A81-619A6456D795}.Release|Any CPU.Build.0 = Release|Any CPU
		{246A7BC4-0E69-4CF0-99B8-DCE4904D23D2}.Debug|Any CPU.ActiveCfg = Debug|Any CPU
		{246A7BC4-0E69-4CF0-99B8-DCE4904D23D2}.Debug|Any CPU.Build.0 = Debug|Any CPU
		{246A7BC4-0E69-4CF0-99B8-DCE4904D23D2}.Release|Any CPU.ActiveCfg = Release|Any CPU
		{246A7BC4-0E69-4CF0-99B8-DCE4904D23D2}.Release|Any CPU.Build.0 = Release|Any CPU
	EndGlobalSection
	GlobalSection(SolutionProperties) = preSolution
		HideSolutionNode = FALSE
	EndGlobalSection
	GlobalSection(ExtensibilityGlobals) = postSolution
		SolutionGuid = {17F035B1-29B3-448F-8E09-6CEDEBC432BC}
	EndGlobalSection
EndGlobal
